
Microsoft Visual Studio Solution File, Format Version 12.00
# Visual Studio 15
VisualStudioVersion = 15.0.28307.1169
MinimumVisualStudioVersion = 10.0.40219.1
Project("{FAE04EC0-301F-11D3-BF4B-00C04F79EFBC}") = "Core", "Core\Core.csproj", "{C8F47BE8-D6C4-4D37-ADA5-09F00F2F141E}"
EndProject
Project("{FAE04EC0-301F-11D3-BF4B-00C04F79EFBC}") = "UI", "UI\UI.csproj", "{BFD6698C-2EC4-43FE-9327-AB40230FB6B7}"
EndProject
Global
	GlobalSection(SolutionConfigurationPlatforms) = preSolution
		Debug|Any CPU = Debug|Any CPU
		Release|Any CPU = Release|Any CPU
	EndGlobalSection
	GlobalSection(ProjectConfigurationPlatforms) = postSolution
		{C8F47BE8-D6C4-4D37-ADA5-09F00F2F141E}.Debug|Any CPU.ActiveCfg = Debug|Any CPU
		{C8F47BE8-D6C4-4D37-ADA5-09F00F2F141E}.Debug|Any CPU.Build.0 = Debug|Any CPU
		{C8F47BE8-D6C4-4D37-ADA5-09F00F2F141E}.Release|Any CPU.ActiveCfg = Release|Any CPU
		{C8F47BE8-D6C4-4D37-ADA5-09F00F2F141E}.Release|Any CPU.Build.0 = Release|Any CPU
		{BFD6698C-2EC4-43FE-9327-AB40230FB6B7}.Debug|Any CPU.ActiveCfg = Debug|Any CPU
		{BFD6698C-2EC4-43FE-9327-AB40230FB6B7}.Debug|Any CPU.Build.0 = Debug|Any CPU
		{BFD6698C-2EC4-43FE-9327-AB40230FB6B7}.Release|Any CPU.ActiveCfg = Release|Any CPU
		{BFD6698C-2EC4-43FE-9327-AB40230FB6B7}.Release|Any CPU.Build.0 = Release|Any CPU
	EndGlobalSection
	GlobalSection(SolutionProperties) = preSolution
		HideSolutionNode = FALSE
	EndGlobalSection
	GlobalSection(ExtensibilityGlobals) = postSolution
		SolutionGuid = {8562D158-AAE4-4F97-976A-C3A1AD9915D8}
	EndGlobalSection
EndGlobal
