
Microsoft Visual Studio Solution File, Format Version 12.00
# Visual Studio Version 16
VisualStudioVersion = 16.0.30320.27
MinimumVisualStudioVersion = 10.0.40219.1
Project("{FAE04EC0-301F-11D3-BF4B-00C04F79EFBC}") = "FileSystemWatcher", "FileSystemWatcher\FileSystemWatcher.csproj", "{897D63D2-09E4-4DF1-8038-3F950A695E59}"
EndProject
Global
	GlobalSection(SolutionConfigurationPlatforms) = preSolution
		Debug|Any CPU = Debug|Any CPU
		Release|Any CPU = Release|Any CPU
	EndGlobalSection
	GlobalSection(ProjectConfigurationPlatforms) = postSolution
		{897D63D2-09E4-4DF1-8038-3F950A695E59}.Debug|Any CPU.ActiveCfg = Debug|Any CPU
		{897D63D2-09E4-4DF1-8038-3F950A695E59}.Debug|Any CPU.Build.0 = Debug|Any CPU
		{897D63D2-09E4-4DF1-8038-3F950A695E59}.Release|Any CPU.ActiveCfg = Release|Any CPU
		{897D63D2-09E4-4DF1-8038-3F950A695E59}.Release|Any CPU.Build.0 = Release|Any CPU
	EndGlobalSection
	GlobalSection(SolutionProperties) = preSolution
		HideSolutionNode = FALSE
	EndGlobalSection
	GlobalSection(ExtensibilityGlobals) = postSolution
		SolutionGuid = {8562D158-AAE4-4F97-976A-C3A1AD9915D8}
	EndGlobalSection
EndGlobal
